
Microsoft Visual Studio Solution File, Format Version 12.00
# Visual Studio Version 16
VisualStudioVersion = 16.0.29215.179
MinimumVisualStudioVersion = 10.0.40219.1
Project("{FAE04EC0-301F-11D3-BF4B-00C04F79EFBC}") = "NN", "NN\NN.csproj", "{8AE55080-6720-40AB-B440-EC901049AFAC}"
EndProject
Global
	GlobalSection(SolutionConfigurationPlatforms) = preSolution
		Debug|Any CPU = Debug|Any CPU
		Release|Any CPU = Release|Any CPU
	EndGlobalSection
	GlobalSection(ProjectConfigurationPlatforms) = postSolution
		{8AE55080-6720-40AB-B440-EC901049AFAC}.Debug|Any CPU.ActiveCfg = Debug|Any CPU
		{8AE55080-6720-40AB-B440-EC901049AFAC}.Debug|Any CPU.Build.0 = Debug|Any CPU
		{8AE55080-6720-40AB-B440-EC901049AFAC}.Release|Any CPU.ActiveCfg = Release|Any CPU
		{8AE55080-6720-40AB-B440-EC901049AFAC}.Release|Any CPU.Build.0 = Release|Any CPU
	EndGlobalSection
	GlobalSection(SolutionProperties) = preSolution
		HideSolutionNode = FALSE
	EndGlobalSection
	GlobalSection(ExtensibilityGlobals) = postSolution
		SolutionGuid = {3A15D664-8403-475D-BF37-8588E1DDB6C4}
	EndGlobalSection
EndGlobal
